
Microsoft Visual Studio Solution File, Format Version 12.00
# Visual Studio Express 2012 for Windows Phone
Project("{FAE04EC0-301F-11D3-BF4B-00C04F79EFBC}") = "WinPhoneMVVMSample", "WinPhoneMVVMSample\WinPhoneMVVMSample.csproj", "{39521E97-9C54-409E-B372-A3A2D2864BDB}"
EndProject
Project("{FAE04EC0-301F-11D3-BF4B-00C04F79EFBC}") = "Test.WinPhoneMVVMSample", "Test.WinPhoneMVVMSample\Test.WinPhoneMVVMSample.csproj", "{93C5BBE7-CD13-4799-B8CD-1E0B7495EA75}"
EndProject
Global
	GlobalSection(SolutionConfigurationPlatforms) = preSolution
		Debug|Any CPU = Debug|Any CPU
		Debug|ARM = Debug|ARM
		Debug|Mixed Platforms = Debug|Mixed Platforms
		Debug|x86 = Debug|x86
		Release|Any CPU = Release|Any CPU
		Release|ARM = Release|ARM
		Release|Mixed Platforms = Release|Mixed Platforms
		Release|x86 = Release|x86
	EndGlobalSection
	GlobalSection(ProjectConfigurationPlatforms) = postSolution
		{39521E97-9C54-409E-B372-A3A2D2864BDB}.Debug|Any CPU.ActiveCfg = Debug|Any CPU
		{39521E97-9C54-409E-B372-A3A2D2864BDB}.Debug|Any CPU.Build.0 = Debug|Any CPU
		{39521E97-9C54-409E-B372-A3A2D2864BDB}.Debug|Any CPU.Deploy.0 = Debug|Any CPU
		{39521E97-9C54-409E-B372-A3A2D2864BDB}.Debug|ARM.ActiveCfg = Debug|ARM
		{39521E97-9C54-409E-B372-A3A2D2864BDB}.Debug|ARM.Build.0 = Debug|ARM
		{39521E97-9C54-409E-B372-A3A2D2864BDB}.Debug|ARM.Deploy.0 = Debug|ARM
		{39521E97-9C54-409E-B372-A3A2D2864BDB}.Debug|Mixed Platforms.ActiveCfg = Debug|x86
		{39521E97-9C54-409E-B372-A3A2D2864BDB}.Debug|Mixed Platforms.Build.0 = Debug|x86
		{39521E97-9C54-409E-B372-A3A2D2864BDB}.Debug|Mixed Platforms.Deploy.0 = Debug|x86
		{39521E97-9C54-409E-B372-A3A2D2864BDB}.Debug|x86.ActiveCfg = Debug|x86
		{39521E97-9C54-409E-B372-A3A2D2864BDB}.Debug|x86.Build.0 = Debug|x86
		{39521E97-9C54-409E-B372-A3A2D2864BDB}.Debug|x86.Deploy.0 = Debug|x86
		{39521E97-9C54-409E-B372-A3A2D2864BDB}.Release|Any CPU.ActiveCfg = Release|Any CPU
		{39521E97-9C54-409E-B372-A3A2D2864BDB}.Release|Any CPU.Build.0 = Release|Any CPU
		{39521E97-9C54-409E-B372-A3A2D2864BDB}.Release|Any CPU.Deploy.0 = Release|Any CPU
		{39521E97-9C54-409E-B372-A3A2D2864BDB}.Release|ARM.ActiveCfg = Release|ARM
		{39521E97-9C54-409E-B372-A3A2D2864BDB}.Release|ARM.Build.0 = Release|ARM
		{39521E97-9C54-409E-B372-A3A2D2864BDB}.Release|ARM.Deploy.0 = Release|ARM
		{39521E97-9C54-409E-B372-A3A2D2864BDB}.Release|Mixed Platforms.ActiveCfg = Release|x86
		{39521E97-9C54-409E-B372-A3A2D2864BDB}.Release|Mixed Platforms.Build.0 = Release|x86
		{39521E97-9C54-409E-B372-A3A2D2864BDB}.Release|Mixed Platforms.Deploy.0 = Release|x86
		{39521E97-9C54-409E-B372-A3A2D2864BDB}.Release|x86.ActiveCfg = Release|x86
		{39521E97-9C54-409E-B372-A3A2D2864BDB}.Release|x86.Build.0 = Release|x86
		{39521E97-9C54-409E-B372-A3A2D2864BDB}.Release|x86.Deploy.0 = Release|x86
		{93C5BBE7-CD13-4799-B8CD-1E0B7495EA75}.Debug|Any CPU.ActiveCfg = Debug|x86
		{93C5BBE7-CD13-4799-B8CD-1E0B7495EA75}.Debug|ARM.ActiveCfg = Debug|ARM
		{93C5BBE7-CD13-4799-B8CD-1E0B7495EA75}.Debug|ARM.Build.0 = Debug|ARM
		{93C5BBE7-CD13-4799-B8CD-1E0B7495EA75}.Debug|ARM.Deploy.0 = Debug|ARM
		{93C5BBE7-CD13-4799-B8CD-1E0B7495EA75}.Debug|Mixed Platforms.ActiveCfg = Debug|x86
		{93C5BBE7-CD13-4799-B8CD-1E0B7495EA75}.Debug|Mixed Platforms.Build.0 = Debug|x86
		{93C5BBE7-CD13-4799-B8CD-1E0B7495EA75}.Debug|Mixed Platforms.Deploy.0 = Debug|x86
		{93C5BBE7-CD13-4799-B8CD-1E0B7495EA75}.Debug|x86.ActiveCfg = Debug|x86
		{93C5BBE7-CD13-4799-B8CD-1E0B7495EA75}.Debug|x86.Build.0 = Debug|x86
		{93C5BBE7-CD13-4799-B8CD-1E0B7495EA75}.Debug|x86.Deploy.0 = Debug|x86
		{93C5BBE7-CD13-4799-B8CD-1E0B7495EA75}.Release|Any CPU.ActiveCfg = Release|x86
		{93C5BBE7-CD13-4799-B8CD-1E0B7495EA75}.Release|ARM.ActiveCfg = Release|ARM
		{93C5BBE7-CD13-4799-B8CD-1E0B7495EA75}.Release|ARM.Build.0 = Release|ARM
		{93C5BBE7-CD13-4799-B8CD-1E0B7495EA75}.Release|ARM.Deploy.0 = Release|ARM
		{93C5BBE7-CD13-4799-B8CD-1E0B7495EA75}.Release|Mixed Platforms.ActiveCfg = Release|x86
		{93C5BBE7-CD13-4799-B8CD-1E0B7495EA75}.Release|Mixed Platforms.Build.0 = Release|x86
		{93C5BBE7-CD13-4799-B8CD-1E0B7495EA75}.Release|Mixed Platforms.Deploy.0 = Release|x86
		{93C5BBE7-CD13-4799-B8CD-1E0B7495EA75}.Release|x86.ActiveCfg = Release|x86
		{93C5BBE7-CD13-4799-B8CD-1E0B7495EA75}.Release|x86.Build.0 = Release|x86
		{93C5BBE7-CD13-4799-B8CD-1E0B7495EA75}.Release|x86.Deploy.0 = Release|x86
	EndGlobalSection
	GlobalSection(SolutionProperties) = preSolution
		HideSolutionNode = FALSE
	EndGlobalSection
EndGlobal
